
Microsoft Visual Studio Solution File, Format Version 12.00
# Visual Studio Version 17
VisualStudioVersion = 17.5.33516.290
MinimumVisualStudioVersion = 10.0.40219.1
Project("{FAE04EC0-301F-11D3-BF4B-00C04F79EFBC}") = "LogBook.View", "LogBook.View\LogBook.View.csproj", "{111295DE-83C7-4626-BDE5-3C1B9A556638}"
EndProject
Project("{FAE04EC0-301F-11D3-BF4B-00C04F79EFBC}") = "LogBook.VO", "LogBook.VO\LogBook.VO.csproj", "{46A2DA26-5BA3-4830-9328-94C41AB01568}"
EndProject
Project("{FAE04EC0-301F-11D3-BF4B-00C04F79EFBC}") = "LogBook.BO.cs", "LogBook.BO\LogBook.BO.cs.csproj", "{8105B3D6-0B0B-4D56-8A9F-F6693720E8E6}"
EndProject
Global
	GlobalSection(SolutionConfigurationPlatforms) = preSolution
		Debug|Any CPU = Debug|Any CPU
		Release|Any CPU = Release|Any CPU
	EndGlobalSection
	GlobalSection(ProjectConfigurationPlatforms) = postSolution
		{111295DE-83C7-4626-BDE5-3C1B9A556638}.Debug|Any CPU.ActiveCfg = Debug|Any CPU
		{111295DE-83C7-4626-BDE5-3C1B9A556638}.Debug|Any CPU.Build.0 = Debug|Any CPU
		{111295DE-83C7-4626-BDE5-3C1B9A556638}.Release|Any CPU.ActiveCfg = Release|Any CPU
		{111295DE-83C7-4626-BDE5-3C1B9A556638}.Release|Any CPU.Build.0 = Release|Any CPU
		{46A2DA26-5BA3-4830-9328-94C41AB01568}.Debug|Any CPU.ActiveCfg = Debug|Any CPU
		{46A2DA26-5BA3-4830-9328-94C41AB01568}.Debug|Any CPU.Build.0 = Debug|Any CPU
		{46A2DA26-5BA3-4830-9328-94C41AB01568}.Release|Any CPU.ActiveCfg = Release|Any CPU
		{46A2DA26-5BA3-4830-9328-94C41AB01568}.Release|Any CPU.Build.0 = Release|Any CPU
		{8105B3D6-0B0B-4D56-8A9F-F6693720E8E6}.Debug|Any CPU.ActiveCfg = Debug|Any CPU
		{8105B3D6-0B0B-4D56-8A9F-F6693720E8E6}.Debug|Any CPU.Build.0 = Debug|Any CPU
		{8105B3D6-0B0B-4D56-8A9F-F6693720E8E6}.Release|Any CPU.ActiveCfg = Release|Any CPU
		{8105B3D6-0B0B-4D56-8A9F-F6693720E8E6}.Release|Any CPU.Build.0 = Release|Any CPU
	EndGlobalSection
	GlobalSection(SolutionProperties) = preSolution
		HideSolutionNode = FALSE
	EndGlobalSection
	GlobalSection(ExtensibilityGlobals) = postSolution
		SolutionGuid = {F7009DF8-C45F-4D78-A0DA-74D0708E8163}
	EndGlobalSection
EndGlobal
